
Microsoft Visual Studio Solution File, Format Version 12.00
# Visual Studio 15
VisualStudioVersion = 15.0.28010.0
MinimumVisualStudioVersion = 10.0.40219.1
Project("{FAE04EC0-301F-11D3-BF4B-00C04F79EFBC}") = "CarInsuranceQualifierTest", "CarInsuranceQualifierTest\CarInsuranceQualifierTest.csproj", "{7ABF8BC6-AFD7-4424-99AE-DB00B2246EAD}"
EndProject
Global
	GlobalSection(SolutionConfigurationPlatforms) = preSolution
		Debug|Any CPU = Debug|Any CPU
		Release|Any CPU = Release|Any CPU
	EndGlobalSection
	GlobalSection(ProjectConfigurationPlatforms) = postSolution
		{7ABF8BC6-AFD7-4424-99AE-DB00B2246EAD}.Debug|Any CPU.ActiveCfg = Debug|Any CPU
		{7ABF8BC6-AFD7-4424-99AE-DB00B2246EAD}.Debug|Any CPU.Build.0 = Debug|Any CPU
		{7ABF8BC6-AFD7-4424-99AE-DB00B2246EAD}.Release|Any CPU.ActiveCfg = Release|Any CPU
		{7ABF8BC6-AFD7-4424-99AE-DB00B2246EAD}.Release|Any CPU.Build.0 = Release|Any CPU
	EndGlobalSection
	GlobalSection(SolutionProperties) = preSolution
		HideSolutionNode = FALSE
	EndGlobalSection
	GlobalSection(ExtensibilityGlobals) = postSolution
		SolutionGuid = {36D5D5FE-0EDB-4DD3-938F-4AC7AD501333}
	EndGlobalSection
EndGlobal
